
Microsoft Visual Studio Solution File, Format Version 12.00
# Visual Studio Version 17
VisualStudioVersion = 17.13.35919.96 d17.13
MinimumVisualStudioVersion = 10.0.40219.1
Project("{FAE04EC0-301F-11D3-BF4B-00C04F79EFBC}") = "JwtRoledBasedAuth", "JwtRoledBasedAuth.csproj", "{A2862AF3-C9CA-4750-95F4-E1C1262C0DFD}"
EndProject
Global
	GlobalSection(SolutionConfigurationPlatforms) = preSolution
		Debug|Any CPU = Debug|Any CPU
		Release|Any CPU = Release|Any CPU
	EndGlobalSection
	GlobalSection(ProjectConfigurationPlatforms) = postSolution
		{A2862AF3-C9CA-4750-95F4-E1C1262C0DFD}.Debug|Any CPU.ActiveCfg = Debug|Any CPU
		{A2862AF3-C9CA-4750-95F4-E1C1262C0DFD}.Debug|Any CPU.Build.0 = Debug|Any CPU
		{A2862AF3-C9CA-4750-95F4-E1C1262C0DFD}.Release|Any CPU.ActiveCfg = Release|Any CPU
		{A2862AF3-C9CA-4750-95F4-E1C1262C0DFD}.Release|Any CPU.Build.0 = Release|Any CPU
	EndGlobalSection
	GlobalSection(SolutionProperties) = preSolution
		HideSolutionNode = FALSE
	EndGlobalSection
	GlobalSection(ExtensibilityGlobals) = postSolution
		SolutionGuid = {A72F75FF-6435-4A5F-BDAD-D774704DD693}
	EndGlobalSection
EndGlobal
